
Microsoft Visual Studio Solution File, Format Version 12.00
# Visual Studio Version 17
VisualStudioVersion = 17.5.002.0
MinimumVisualStudioVersion = 10.0.40219.1
Project("{9A19103F-16F7-4668-BE54-9A1E7A4F7556}") = "ChefsNDishes", "ChefsNDishes\ChefsNDishes.csproj", "{C4956907-82B3-4F64-A913-D344692ACE3D}"
EndProject
Project("{9A19103F-16F7-4668-BE54-9A1E7A4F7556}") = "CRUDelicious", "CRUDelicious\CRUDelicious.csproj", "{AD4E427D-9740-46C5-85D7-E4C1EAC54089}"
EndProject
Project("{9A19103F-16F7-4668-BE54-9A1E7A4F7556}") = "DebuggingPractice", "DebuggingPractice\DebuggingPractice.csproj", "{5E5771D5-3025-4B90-A097-64133B13EA95}"
EndProject
Project("{9A19103F-16F7-4668-BE54-9A1E7A4F7556}") = "DojoSurvey", "DojoSurvey\DojoSurvey.csproj", "{77D6ED50-116C-4EAA-908A-630886209781}"
EndProject
Project("{9A19103F-16F7-4668-BE54-9A1E7A4F7556}") = "DojoSurveyModel", "DojoSurveyModel\DojoSurveyModel.csproj", "{9A557061-0053-4ADD-881B-344CA75F7E08}"
EndProject
Project("{9A19103F-16F7-4668-BE54-9A1E7A4F7556}") = "DrinkMaker", "DrinkMaker\DrinkMaker.csproj", "{1ECB0EF9-7039-4006-8BF4-A6717DF63632}"
EndProject
Project("{9A19103F-16F7-4668-BE54-9A1E7A4F7556}") = "ExamDay", "ExamDay\ExamDay.csproj", "{AEB078A9-400C-4971-BABE-97FE96DE1C0F}"
EndProject
Project("{9A19103F-16F7-4668-BE54-9A1E7A4F7556}") = "FirstConnection", "FirstConnection\FirstConnection.csproj", "{9AEE1B96-2EE1-48E6-A841-6B6F37C25A41}"
EndProject
Project("{9A19103F-16F7-4668-BE54-9A1E7A4F7556}") = "FirstCSharp", "FirstCSharp\FirstCSharp.csproj", "{311A90E2-B773-48A0-8DAE-5495EE7E37CE}"
EndProject
Project("{9A19103F-16F7-4668-BE54-9A1E7A4F7556}") = "FundamentalsI", "FundamentalsI\FundamentalsI.csproj", "{AEC633D0-E149-41DF-A2C5-6BEDC4424304}"
EndProject
Project("{9A19103F-16F7-4668-BE54-9A1E7A4F7556}") = "FundamentalsII", "FundamentalsII\FundamentalsII.csproj", "{98C61540-BED4-4BF5-BF79-A576FA6F9537}"
EndProject
Project("{9A19103F-16F7-4668-BE54-9A1E7A4F7556}") = "FundamentalsIII", "FundamentalsIII\FundamentalsIII.csproj", "{B51046C6-7D30-404B-B433-1A69C6B9AFA1}"
EndProject
Project("{9A19103F-16F7-4668-BE54-9A1E7A4F7556}") = "GameDevI", "GameDevI\GameDevI.csproj", "{9AB9347B-0356-454D-B2FD-C57391A0F9AC}"
EndProject
Project("{9A19103F-16F7-4668-BE54-9A1E7A4F7556}") = "GameDevII", "GameDevII\GameDevII.csproj", "{2F5B12C3-D5CD-471D-8839-2807D8EB5E63}"
EndProject
Project("{9A19103F-16F7-4668-BE54-9A1E7A4F7556}") = "HelloDotNet", "HelloDotNet\HelloDotNet.csproj", "{DFD977A4-B186-4B3F-95C0-D0C890C5A07E}"
EndProject
Project("{9A19103F-16F7-4668-BE54-9A1E7A4F7556}") = "LINQEruption", "LINQEruption\LINQEruption.csproj", "{57702295-8071-4615-AF99-409F950C3421}"
EndProject
Project("{9A19103F-16F7-4668-BE54-9A1E7A4F7556}") = "LoginReg", "LoginReg\LoginReg.csproj", "{AE86856C-7D5F-493E-9C81-2632653EBDD9}"
EndProject
Project("{9A19103F-16F7-4668-BE54-9A1E7A4F7556}") = "Portfolio", "Portfolio\Portfolio.csproj", "{02CA38B8-121F-452A-A6B6-4F488A799E8E}"
EndProject
Project("{9A19103F-16F7-4668-BE54-9A1E7A4F7556}") = "ProdsAndCats", "ProdsAndCats\ProdsAndCats.csproj", "{B923BE72-CF40-4144-8C1B-91950FEC8984}"
EndProject
Project("{9A19103F-16F7-4668-BE54-9A1E7A4F7556}") = "Puzzles", "Puzzles\Puzzles.csproj", "{0938045D-5DE1-469C-9A9D-C8D0FC5421AF}"
EndProject
Project("{9A19103F-16F7-4668-BE54-9A1E7A4F7556}") = "RazorFun", "RazorFun\RazorFun.csproj", "{DF4A1770-DDF7-4960-B0D6-0821515B48B1}"
EndProject
Project("{9A19103F-16F7-4668-BE54-9A1E7A4F7556}") = "RideMaker", "RideMaker\RideMaker.csproj", "{525DD91E-5CA4-461B-A4BA-5D4E2F543C82}"
EndProject
Project("{9A19103F-16F7-4668-BE54-9A1E7A4F7556}") = "SessionWorkshop", "SessionWorkshop\SessionWorkshop.csproj", "{E68A6872-2CA3-476D-A2B2-FDC681BCCBB0}"
EndProject
Project("{9A19103F-16F7-4668-BE54-9A1E7A4F7556}") = "ViewModelFun", "ViewModelFun\ViewModelFun.csproj", "{54C927C1-33B2-4DE9-8BAF-903927B24B3B}"
EndProject
Project("{9A19103F-16F7-4668-BE54-9A1E7A4F7556}") = "WeddingPlanner", "WeddingPlanner\WeddingPlanner.csproj", "{C094CF2E-DDC8-4682-B870-19A8981768AE}"
EndProject
Project("{2150E333-8FDC-42A3-9474-1A3956D46DE8}") = "December_CSharp", "December_CSharp", "{4FF9846A-084F-4BBE-A8CB-FB447811CC8A}"
EndProject
Project("{2150E333-8FDC-42A3-9474-1A3956D46DE8}") = "Week1", "Week1", "{B7184CB9-CE6B-4693-AF6F-889F90E9DE43}"
EndProject
Project("{2150E333-8FDC-42A3-9474-1A3956D46DE8}") = "1_Monday", "1_Monday", "{13ECC5D3-2A28-45AC-A154-7B2893293438}"
EndProject
Project("{9A19103F-16F7-4668-BE54-9A1E7A4F7556}") = "FirstCSharp", "December_CSharp\Week1\1_Monday\FirstCSharp\FirstCSharp.csproj", "{7EB8833C-26E7-445E-B7BB-EA8D88E6E487}"
EndProject
Project("{2150E333-8FDC-42A3-9474-1A3956D46DE8}") = "2_Tuesday", "2_Tuesday", "{C2B7B211-569C-4C27-8847-A9C1E8B27EDC}"
EndProject
Project("{9A19103F-16F7-4668-BE54-9A1E7A4F7556}") = "AbstractInterfaces", "December_CSharp\Week1\2_Tuesday\AbstractInterfaces\AbstractInterfaces.csproj", "{6FB490B3-E59B-424C-A5B7-7F29BB32E71D}"
EndProject
Project("{9A19103F-16F7-4668-BE54-9A1E7A4F7556}") = "OOP", "December_CSharp\Week1\2_Tuesday\OOP\OOP.csproj", "{8D516D40-D708-4202-ACD9-08CDBADEA2C4}"
EndProject
Project("{2150E333-8FDC-42A3-9474-1A3956D46DE8}") = "3_Wednesday", "3_Wednesday", "{411D68C5-6872-4830-B562-7F99BEB969EC}"
EndProject
Project("{9A19103F-16F7-4668-BE54-9A1E7A4F7556}") = "FirstWeb", "December_CSharp\Week1\3_Wednesday\FirstWeb\FirstWeb.csproj", "{022123B5-C0BD-4A84-9828-C6BCED1DF900}"
EndProject
Project("{9A19103F-16F7-4668-BE54-9A1E7A4F7556}") = "MVCPreview", "December_CSharp\Week1\3_Wednesday\MVCPreview\MVCPreview.csproj", "{7822B906-9ED1-4C1C-8A7E-F303C4ED3497}"
EndProject
Project("{2150E333-8FDC-42A3-9474-1A3956D46DE8}") = "5_Friday", "5_Friday", "{C9830057-08AF-4DD3-8938-669904957C84}"
EndProject
Project("{9A19103F-16F7-4668-BE54-9A1E7A4F7556}") = "SessionDemo", "December_CSharp\Week1\5_Friday\SessionDemo\SessionDemo.csproj", "{ECDB681B-30C4-4A8B-AC25-01BB3AD19C14}"
EndProject
Global
	GlobalSection(SolutionConfigurationPlatforms) = preSolution
		Debug|Any CPU = Debug|Any CPU
		Release|Any CPU = Release|Any CPU
	EndGlobalSection
	GlobalSection(ProjectConfigurationPlatforms) = postSolution
		{C4956907-82B3-4F64-A913-D344692ACE3D}.Debug|Any CPU.ActiveCfg = Debug|Any CPU
		{C4956907-82B3-4F64-A913-D344692ACE3D}.Debug|Any CPU.Build.0 = Debug|Any CPU
		{C4956907-82B3-4F64-A913-D344692ACE3D}.Release|Any CPU.ActiveCfg = Release|Any CPU
		{C4956907-82B3-4F64-A913-D344692ACE3D}.Release|Any CPU.Build.0 = Release|Any CPU
		{AD4E427D-9740-46C5-85D7-E4C1EAC54089}.Debug|Any CPU.ActiveCfg = Debug|Any CPU
		{AD4E427D-9740-46C5-85D7-E4C1EAC54089}.Debug|Any CPU.Build.0 = Debug|Any CPU
		{AD4E427D-9740-46C5-85D7-E4C1EAC54089}.Release|Any CPU.ActiveCfg = Release|Any CPU
		{AD4E427D-9740-46C5-85D7-E4C1EAC54089}.Release|Any CPU.Build.0 = Release|Any CPU
		{5E5771D5-3025-4B90-A097-64133B13EA95}.Debug|Any CPU.ActiveCfg = Debug|Any CPU
		{5E5771D5-3025-4B90-A097-64133B13EA95}.Debug|Any CPU.Build.0 = Debug|Any CPU
		{5E5771D5-3025-4B90-A097-64133B13EA95}.Release|Any CPU.ActiveCfg = Release|Any CPU
		{5E5771D5-3025-4B90-A097-64133B13EA95}.Release|Any CPU.Build.0 = Release|Any CPU
		{77D6ED50-116C-4EAA-908A-630886209781}.Debug|Any CPU.ActiveCfg = Debug|Any CPU
		{77D6ED50-116C-4EAA-908A-630886209781}.Debug|Any CPU.Build.0 = Debug|Any CPU
		{77D6ED50-116C-4EAA-908A-630886209781}.Release|Any CPU.ActiveCfg = Release|Any CPU
		{77D6ED50-116C-4EAA-908A-630886209781}.Release|Any CPU.Build.0 = Release|Any CPU
		{9A557061-0053-4ADD-881B-344CA75F7E08}.Debug|Any CPU.ActiveCfg = Debug|Any CPU
		{9A557061-0053-4ADD-881B-344CA75F7E08}.Debug|Any CPU.Build.0 = Debug|Any CPU
		{9A557061-0053-4ADD-881B-344CA75F7E08}.Release|Any CPU.ActiveCfg = Release|Any CPU
		{9A557061-0053-4ADD-881B-344CA75F7E08}.Release|Any CPU.Build.0 = Release|Any CPU
		{1ECB0EF9-7039-4006-8BF4-A6717DF63632}.Debug|Any CPU.ActiveCfg = Debug|Any CPU
		{1ECB0EF9-7039-4006-8BF4-A6717DF63632}.Debug|Any CPU.Build.0 = Debug|Any CPU
		{1ECB0EF9-7039-4006-8BF4-A6717DF63632}.Release|Any CPU.ActiveCfg = Release|Any CPU
		{1ECB0EF9-7039-4006-8BF4-A6717DF63632}.Release|Any CPU.Build.0 = Release|Any CPU
		{AEB078A9-400C-4971-BABE-97FE96DE1C0F}.Debug|Any CPU.ActiveCfg = Debug|Any CPU
		{AEB078A9-400C-4971-BABE-97FE96DE1C0F}.Debug|Any CPU.Build.0 = Debug|Any CPU
		{AEB078A9-400C-4971-BABE-97FE96DE1C0F}.Release|Any CPU.ActiveCfg = Release|Any CPU
		{AEB078A9-400C-4971-BABE-97FE96DE1C0F}.Release|Any CPU.Build.0 = Release|Any CPU
		{9AEE1B96-2EE1-48E6-A841-6B6F37C25A41}.Debug|Any CPU.ActiveCfg = Debug|Any CPU
		{9AEE1B96-2EE1-48E6-A841-6B6F37C25A41}.Debug|Any CPU.Build.0 = Debug|Any CPU
		{9AEE1B96-2EE1-48E6-A841-6B6F37C25A41}.Release|Any CPU.ActiveCfg = Release|Any CPU
		{9AEE1B96-2EE1-48E6-A841-6B6F37C25A41}.Release|Any CPU.Build.0 = Release|Any CPU
		{311A90E2-B773-48A0-8DAE-5495EE7E37CE}.Debug|Any CPU.ActiveCfg = Debug|Any CPU
		{311A90E2-B773-48A0-8DAE-5495EE7E37CE}.Debug|Any CPU.Build.0 = Debug|Any CPU
		{311A90E2-B773-48A0-8DAE-5495EE7E37CE}.Release|Any CPU.ActiveCfg = Release|Any CPU
		{311A90E2-B773-48A0-8DAE-5495EE7E37CE}.Release|Any CPU.Build.0 = Release|Any CPU
		{AEC633D0-E149-41DF-A2C5-6BEDC4424304}.Debug|Any CPU.ActiveCfg = Debug|Any CPU
		{AEC633D0-E149-41DF-A2C5-6BEDC4424304}.Debug|Any CPU.Build.0 = Debug|Any CPU
		{AEC633D0-E149-41DF-A2C5-6BEDC4424304}.Release|Any CPU.ActiveCfg = Release|Any CPU
		{AEC633D0-E149-41DF-A2C5-6BEDC4424304}.Release|Any CPU.Build.0 = Release|Any CPU
		{98C61540-BED4-4BF5-BF79-A576FA6F9537}.Debug|Any CPU.ActiveCfg = Debug|Any CPU
		{98C61540-BED4-4BF5-BF79-A576FA6F9537}.Debug|Any CPU.Build.0 = Debug|Any CPU
		{98C61540-BED4-4BF5-BF79-A576FA6F9537}.Release|Any CPU.ActiveCfg = Release|Any CPU
		{98C61540-BED4-4BF5-BF79-A576FA6F9537}.Release|Any CPU.Build.0 = Release|Any CPU
		{B51046C6-7D30-404B-B433-1A69C6B9AFA1}.Debug|Any CPU.ActiveCfg = Debug|Any CPU
		{B51046C6-7D30-404B-B433-1A69C6B9AFA1}.Debug|Any CPU.Build.0 = Debug|Any CPU
		{B51046C6-7D30-404B-B433-1A69C6B9AFA1}.Release|Any CPU.ActiveCfg = Release|Any CPU
		{B51046C6-7D30-404B-B433-1A69C6B9AFA1}.Release|Any CPU.Build.0 = Release|Any CPU
		{9AB9347B-0356-454D-B2FD-C57391A0F9AC}.Debug|Any CPU.ActiveCfg = Debug|Any CPU
		{9AB9347B-0356-454D-B2FD-C57391A0F9AC}.Debug|Any CPU.Build.0 = Debug|Any CPU
		{9AB9347B-0356-454D-B2FD-C57391A0F9AC}.Release|Any CPU.ActiveCfg = Release|Any CPU
		{9AB9347B-0356-454D-B2FD-C57391A0F9AC}.Release|Any CPU.Build.0 = Release|Any CPU
		{2F5B12C3-D5CD-471D-8839-2807D8EB5E63}.Debug|Any CPU.ActiveCfg = Debug|Any CPU
		{2F5B12C3-D5CD-471D-8839-2807D8EB5E63}.Debug|Any CPU.Build.0 = Debug|Any CPU
		{2F5B12C3-D5CD-471D-8839-2807D8EB5E63}.Release|Any CPU.ActiveCfg = Release|Any CPU
		{2F5B12C3-D5CD-471D-8839-2807D8EB5E63}.Release|Any CPU.Build.0 = Release|Any CPU
		{DFD977A4-B186-4B3F-95C0-D0C890C5A07E}.Debug|Any CPU.ActiveCfg = Debug|Any CPU
		{DFD977A4-B186-4B3F-95C0-D0C890C5A07E}.Debug|Any CPU.Build.0 = Debug|Any CPU
		{DFD977A4-B186-4B3F-95C0-D0C890C5A07E}.Release|Any CPU.ActiveCfg = Release|Any CPU
		{DFD977A4-B186-4B3F-95C0-D0C890C5A07E}.Release|Any CPU.Build.0 = Release|Any CPU
		{57702295-8071-4615-AF99-409F950C3421}.Debug|Any CPU.ActiveCfg = Debug|Any CPU
		{57702295-8071-4615-AF99-409F950C3421}.Debug|Any CPU.Build.0 = Debug|Any CPU
		{57702295-8071-4615-AF99-409F950C3421}.Release|Any CPU.ActiveCfg = Release|Any CPU
		{57702295-8071-4615-AF99-409F950C3421}.Release|Any CPU.Build.0 = Release|Any CPU
		{AE86856C-7D5F-493E-9C81-2632653EBDD9}.Debug|Any CPU.ActiveCfg = Debug|Any CPU
		{AE86856C-7D5F-493E-9C81-2632653EBDD9}.Debug|Any CPU.Build.0 = Debug|Any CPU
		{AE86856C-7D5F-493E-9C81-2632653EBDD9}.Release|Any CPU.ActiveCfg = Release|Any CPU
		{AE86856C-7D5F-493E-9C81-2632653EBDD9}.Release|Any CPU.Build.0 = Release|Any CPU
		{02CA38B8-121F-452A-A6B6-4F488A799E8E}.Debug|Any CPU.ActiveCfg = Debug|Any CPU
		{02CA38B8-121F-452A-A6B6-4F488A799E8E}.Debug|Any CPU.Build.0 = Debug|Any CPU
		{02CA38B8-121F-452A-A6B6-4F488A799E8E}.Release|Any CPU.ActiveCfg = Release|Any CPU
		{02CA38B8-121F-452A-A6B6-4F488A799E8E}.Release|Any CPU.Build.0 = Release|Any CPU
		{B923BE72-CF40-4144-8C1B-91950FEC8984}.Debug|Any CPU.ActiveCfg = Debug|Any CPU
		{B923BE72-CF40-4144-8C1B-91950FEC8984}.Debug|Any CPU.Build.0 = Debug|Any CPU
		{B923BE72-CF40-4144-8C1B-91950FEC8984}.Release|Any CPU.ActiveCfg = Release|Any CPU
		{B923BE72-CF40-4144-8C1B-91950FEC8984}.Release|Any CPU.Build.0 = Release|Any CPU
		{0938045D-5DE1-469C-9A9D-C8D0FC5421AF}.Debug|Any CPU.ActiveCfg = Debug|Any CPU
		{0938045D-5DE1-469C-9A9D-C8D0FC5421AF}.Debug|Any CPU.Build.0 = Debug|Any CPU
		{0938045D-5DE1-469C-9A9D-C8D0FC5421AF}.Release|Any CPU.ActiveCfg = Release|Any CPU
		{0938045D-5DE1-469C-9A9D-C8D0FC5421AF}.Release|Any CPU.Build.0 = Release|Any CPU
		{DF4A1770-DDF7-4960-B0D6-0821515B48B1}.Debug|Any CPU.ActiveCfg = Debug|Any CPU
		{DF4A1770-DDF7-4960-B0D6-0821515B48B1}.Debug|Any CPU.Build.0 = Debug|Any CPU
		{DF4A1770-DDF7-4960-B0D6-0821515B48B1}.Release|Any CPU.ActiveCfg = Release|Any CPU
		{DF4A1770-DDF7-4960-B0D6-0821515B48B1}.Release|Any CPU.Build.0 = Release|Any CPU
		{525DD91E-5CA4-461B-A4BA-5D4E2F543C82}.Debug|Any CPU.ActiveCfg = Debug|Any CPU
		{525DD91E-5CA4-461B-A4BA-5D4E2F543C82}.Debug|Any CPU.Build.0 = Debug|Any CPU
		{525DD91E-5CA4-461B-A4BA-5D4E2F543C82}.Release|Any CPU.ActiveCfg = Release|Any CPU
		{525DD91E-5CA4-461B-A4BA-5D4E2F543C82}.Release|Any CPU.Build.0 = Release|Any CPU
		{E68A6872-2CA3-476D-A2B2-FDC681BCCBB0}.Debug|Any CPU.ActiveCfg = Debug|Any CPU
		{E68A6872-2CA3-476D-A2B2-FDC681BCCBB0}.Debug|Any CPU.Build.0 = Debug|Any CPU
		{E68A6872-2CA3-476D-A2B2-FDC681BCCBB0}.Release|Any CPU.ActiveCfg = Release|Any CPU
		{E68A6872-2CA3-476D-A2B2-FDC681BCCBB0}.Release|Any CPU.Build.0 = Release|Any CPU
		{54C927C1-33B2-4DE9-8BAF-903927B24B3B}.Debug|Any CPU.ActiveCfg = Debug|Any CPU
		{54C927C1-33B2-4DE9-8BAF-903927B24B3B}.Debug|Any CPU.Build.0 = Debug|Any CPU
		{54C927C1-33B2-4DE9-8BAF-903927B24B3B}.Release|Any CPU.ActiveCfg = Release|Any CPU
		{54C927C1-33B2-4DE9-8BAF-903927B24B3B}.Release|Any CPU.Build.0 = Release|Any CPU
		{C094CF2E-DDC8-4682-B870-19A8981768AE}.Debug|Any CPU.ActiveCfg = Debug|Any CPU
		{C094CF2E-DDC8-4682-B870-19A8981768AE}.Debug|Any CPU.Build.0 = Debug|Any CPU
		{C094CF2E-DDC8-4682-B870-19A8981768AE}.Release|Any CPU.ActiveCfg = Release|Any CPU
		{C094CF2E-DDC8-4682-B870-19A8981768AE}.Release|Any CPU.Build.0 = Release|Any CPU
		{7EB8833C-26E7-445E-B7BB-EA8D88E6E487}.Debug|Any CPU.ActiveCfg = Debug|Any CPU
		{7EB8833C-26E7-445E-B7BB-EA8D88E6E487}.Debug|Any CPU.Build.0 = Debug|Any CPU
		{7EB8833C-26E7-445E-B7BB-EA8D88E6E487}.Release|Any CPU.ActiveCfg = Release|Any CPU
		{7EB8833C-26E7-445E-B7BB-EA8D88E6E487}.Release|Any CPU.Build.0 = Release|Any CPU
		{6FB490B3-E59B-424C-A5B7-7F29BB32E71D}.Debug|Any CPU.ActiveCfg = Debug|Any CPU
		{6FB490B3-E59B-424C-A5B7-7F29BB32E71D}.Debug|Any CPU.Build.0 = Debug|Any CPU
		{6FB490B3-E59B-424C-A5B7-7F29BB32E71D}.Release|Any CPU.ActiveCfg = Release|Any CPU
		{6FB490B3-E59B-424C-A5B7-7F29BB32E71D}.Release|Any CPU.Build.0 = Release|Any CPU
		{8D516D40-D708-4202-ACD9-08CDBADEA2C4}.Debug|Any CPU.ActiveCfg = Debug|Any CPU
		{8D516D40-D708-4202-ACD9-08CDBADEA2C4}.Debug|Any CPU.Build.0 = Debug|Any CPU
		{8D516D40-D708-4202-ACD9-08CDBADEA2C4}.Release|Any CPU.ActiveCfg = Release|Any CPU
		{8D516D40-D708-4202-ACD9-08CDBADEA2C4}.Release|Any CPU.Build.0 = Release|Any CPU
		{022123B5-C0BD-4A84-9828-C6BCED1DF900}.Debug|Any CPU.ActiveCfg = Debug|Any CPU
		{022123B5-C0BD-4A84-9828-C6BCED1DF900}.Debug|Any CPU.Build.0 = Debug|Any CPU
		{022123B5-C0BD-4A84-9828-C6BCED1DF900}.Release|Any CPU.ActiveCfg = Release|Any CPU
		{022123B5-C0BD-4A84-9828-C6BCED1DF900}.Release|Any CPU.Build.0 = Release|Any CPU
		{7822B906-9ED1-4C1C-8A7E-F303C4ED3497}.Debug|Any CPU.ActiveCfg = Debug|Any CPU
		{7822B906-9ED1-4C1C-8A7E-F303C4ED3497}.Debug|Any CPU.Build.0 = Debug|Any CPU
		{7822B906-9ED1-4C1C-8A7E-F303C4ED3497}.Release|Any CPU.ActiveCfg = Release|Any CPU
		{7822B906-9ED1-4C1C-8A7E-F303C4ED3497}.Release|Any CPU.Build.0 = Release|Any CPU
		{ECDB681B-30C4-4A8B-AC25-01BB3AD19C14}.Debug|Any CPU.ActiveCfg = Debug|Any CPU
		{ECDB681B-30C4-4A8B-AC25-01BB3AD19C14}.Debug|Any CPU.Build.0 = Debug|Any CPU
		{ECDB681B-30C4-4A8B-AC25-01BB3AD19C14}.Release|Any CPU.ActiveCfg = Release|Any CPU
		{ECDB681B-30C4-4A8B-AC25-01BB3AD19C14}.Release|Any CPU.Build.0 = Release|Any CPU
	EndGlobalSection
	GlobalSection(SolutionProperties) = preSolution
		HideSolutionNode = FALSE
	EndGlobalSection
	GlobalSection(NestedProjects) = preSolution
		{B7184CB9-CE6B-4693-AF6F-889F90E9DE43} = {4FF9846A-084F-4BBE-A8CB-FB447811CC8A}
		{13ECC5D3-2A28-45AC-A154-7B2893293438} = {B7184CB9-CE6B-4693-AF6F-889F90E9DE43}
		{7EB8833C-26E7-445E-B7BB-EA8D88E6E487} = {13ECC5D3-2A28-45AC-A154-7B2893293438}
		{C2B7B211-569C-4C27-8847-A9C1E8B27EDC} = {B7184CB9-CE6B-4693-AF6F-889F90E9DE43}
		{6FB490B3-E59B-424C-A5B7-7F29BB32E71D} = {C2B7B211-569C-4C27-8847-A9C1E8B27EDC}
		{8D516D40-D708-4202-ACD9-08CDBADEA2C4} = {C2B7B211-569C-4C27-8847-A9C1E8B27EDC}
		{411D68C5-6872-4830-B562-7F99BEB969EC} = {B7184CB9-CE6B-4693-AF6F-889F90E9DE43}
		{022123B5-C0BD-4A84-9828-C6BCED1DF900} = {411D68C5-6872-4830-B562-7F99BEB969EC}
		{7822B906-9ED1-4C1C-8A7E-F303C4ED3497} = {411D68C5-6872-4830-B562-7F99BEB969EC}
		{C9830057-08AF-4DD3-8938-669904957C84} = {B7184CB9-CE6B-4693-AF6F-889F90E9DE43}
		{ECDB681B-30C4-4A8B-AC25-01BB3AD19C14} = {C9830057-08AF-4DD3-8938-669904957C84}
	EndGlobalSection
	GlobalSection(ExtensibilityGlobals) = postSolution
		SolutionGuid = {5E9893BB-43FA-4A06-BBF2-4BDCC7E99FC8}
	EndGlobalSection
EndGlobal
